// !$*UTF8*$!
{
	archiveVersion = 1;
	classes = {
	};
	objectVersion = 46;
	objects = {

/* Begin PBXBuildFile section */
		35B532E91EA3589A0070EB8C /* AssetsLibrary.framework in Frameworks */ = {isa = PBXBuildFile; fileRef = 35B532E81EA3589A0070EB8C /* AssetsLibrary.framework */; };
		35B532EB1EA358B90070EB8C /* MobileCoreServices.framework in Frameworks */ = {isa = PBXBuildFile; fileRef = 35B532EA1EA358B90070EB8C /* MobileCoreServices.framework */; };
		35B532F31EA5357E0070EB8C /* ViewController2.swift in Sources */ = {isa = PBXBuildFile; fileRef = 35B532F21EA5357E0070EB8C /* ViewController2.swift */; };
		800CB5961EA25E2D00356366 /* AppDelegate.swift in Sources */ = {isa = PBXBuildFile; fileRef = 800CB5951EA25E2D00356366 /* AppDelegate.swift */; };
		800CB5981EA25E2D00356366 /* ViewController.swift in Sources */ = {isa = PBXBuildFile; fileRef = 800CB5971EA25E2D00356366 /* ViewController.swift */; };
		800CB59B1EA25E2D00356366 /* Main.storyboard in Resources */ = {isa = PBXBuildFile; fileRef = 800CB5991EA25E2D00356366 /* Main.storyboard */; settings = {ASSET_TAGS = (2, ); }; };
		800CB59D1EA25E2D00356366 /* Assets.xcassets in Resources */ = {isa = PBXBuildFile; fileRef = 800CB59C1EA25E2D00356366 /* Assets.xcassets */; };
		800CB5A01EA25E2D00356366 /* LaunchScreen.storyboard in Resources */ = {isa = PBXBuildFile; fileRef = 800CB59E1EA25E2D00356366 /* LaunchScreen.storyboard */; };
		800CB5CA1EA3475C00356366 /* blank_img.jpg in Resources */ = {isa = PBXBuildFile; fileRef = 800CB5C51EA3475C00356366 /* blank_img.jpg */; };
		800CB5CB1EA3475C00356366 /* main.png in Resources */ = {isa = PBXBuildFile; fileRef = 800CB5C61EA3475C00356366 /* main.png */; };
		800CB5CC1EA3475C00356366 /* Slide_Bkgrd1.png in Resources */ = {isa = PBXBuildFile; fileRef = 800CB5C71EA3475C00356366 /* Slide_Bkgrd1.png */; };
		800CB5CD1EA3475C00356366 /* video.png in Resources */ = {isa = PBXBuildFile; fileRef = 800CB5C81EA3475C00356366 /* video.png */; };
		800CB5CE1EA3475C00356366 /* camera.png in Resources */ = {isa = PBXBuildFile; fileRef = 800CB5C91EA3475C00356366 /* camera.png */; };
		800CB5D01EA347C400356366 /* gold.png in Resources */ = {isa = PBXBuildFile; fileRef = 800CB5CF1EA347C400356366 /* gold.png */; };
		80B9361C1EA689D2001636F3 /* UserRequestMapViewController.swift in Sources */ = {isa = PBXBuildFile; fileRef = 80B9361B1EA689D2001636F3 /* UserRequestMapViewController.swift */; };
		80B9361E1EA795D7001636F3 /* locate.png in Resources */ = {isa = PBXBuildFile; fileRef = 80B9361D1EA795D6001636F3 /* locate.png */; };
		80B936201EA79707001636F3 /* EyerRequest.swift in Sources */ = {isa = PBXBuildFile; fileRef = 80B9361F1EA79707001636F3 /* EyerRequest.swift */; };
		80BEDE351EA3DFE900C0C5D1 /* MapKit.framework in Frameworks */ = {isa = PBXBuildFile; fileRef = 80BEDE341EA3DFE900C0C5D1 /* MapKit.framework */; };
		80BEDE371EA4F09500C0C5D1 /* prev.png in Resources */ = {isa = PBXBuildFile; fileRef = 80BEDE361EA4F09500C0C5D1 /* prev.png */; };
		80BEDE391EA64C4E00C0C5D1 /* add.png in Resources */ = {isa = PBXBuildFile; fileRef = 80BEDE381EA64C4E00C0C5D1 /* add.png */; };
		A543B97C1EB0C52000713EAA /* Pods_SnapEye.framework in Frameworks */ = {isa = PBXBuildFile; fileRef = 3F625CC8AFF545A92B9FF36A /* Pods_SnapEye.framework */; };
		A5B52B981EB0D389004C1696 /* camera-icon.png in Resources */ = {isa = PBXBuildFile; fileRef = A5B52B971EB0D389004C1696 /* camera-icon.png */; };
/* End PBXBuildFile section */

/* Begin PBXFileReference section */
		1768448EEE4763B42438E6F6 /* Pods-SnapEye.release.xcconfig */ = {isa = PBXFileReference; includeInIndex = 1; lastKnownFileType = text.xcconfig; name = "Pods-SnapEye.release.xcconfig"; path = "Pods/Target Support Files/Pods-SnapEye/Pods-SnapEye.release.xcconfig"; sourceTree = "<group>"; };
		35B532E81EA3589A0070EB8C /* AssetsLibrary.framework */ = {isa = PBXFileReference; lastKnownFileType = wrapper.framework; name = AssetsLibrary.framework; path = System/Library/Frameworks/AssetsLibrary.framework; sourceTree = SDKROOT; };
		35B532EA1EA358B90070EB8C /* MobileCoreServices.framework */ = {isa = PBXFileReference; lastKnownFileType = wrapper.framework; name = MobileCoreServices.framework; path = System/Library/Frameworks/MobileCoreServices.framework; sourceTree = SDKROOT; };
		35B532F21EA5357E0070EB8C /* ViewController2.swift */ = {isa = PBXFileReference; fileEncoding = 4; lastKnownFileType = sourcecode.swift; path = ViewController2.swift; sourceTree = "<group>"; };
		3F625CC8AFF545A92B9FF36A /* Pods_SnapEye.framework */ = {isa = PBXFileReference; explicitFileType = wrapper.framework; includeInIndex = 0; path = Pods_SnapEye.framework; sourceTree = BUILT_PRODUCTS_DIR; };
		62D4D52E6769DE84C0262360 /* Pods-SnapEye.debug.xcconfig */ = {isa = PBXFileReference; includeInIndex = 1; lastKnownFileType = text.xcconfig; name = "Pods-SnapEye.debug.xcconfig"; path = "Pods/Target Support Files/Pods-SnapEye/Pods-SnapEye.debug.xcconfig"; sourceTree = "<group>"; };
		800CB5921EA25E2D00356366 /* SnapEye.app */ = {isa = PBXFileReference; explicitFileType = wrapper.application; includeInIndex = 0; path = SnapEye.app; sourceTree = BUILT_PRODUCTS_DIR; };
		800CB5951EA25E2D00356366 /* AppDelegate.swift */ = {isa = PBXFileReference; lastKnownFileType = sourcecode.swift; path = AppDelegate.swift; sourceTree = "<group>"; };
		800CB5971EA25E2D00356366 /* ViewController.swift */ = {isa = PBXFileReference; lastKnownFileType = sourcecode.swift; path = ViewController.swift; sourceTree = "<group>"; };
		800CB59A1EA25E2D00356366 /* Base */ = {isa = PBXFileReference; lastKnownFileType = file.storyboard; name = Base; path = Base.lproj/Main.storyboard; sourceTree = "<group>"; };
		800CB59C1EA25E2D00356366 /* Assets.xcassets */ = {isa = PBXFileReference; lastKnownFileType = folder.assetcatalog; path = Assets.xcassets; sourceTree = "<group>"; };
		800CB59F1EA25E2D00356366 /* Base */ = {isa = PBXFileReference; lastKnownFileType = file.storyboard; name = Base; path = Base.lproj/LaunchScreen.storyboard; sourceTree = "<group>"; };
		800CB5A11EA25E2D00356366 /* Info.plist */ = {isa = PBXFileReference; lastKnownFileType = text.plist.xml; path = Info.plist; sourceTree = "<group>"; };
		800CB5C51EA3475C00356366 /* blank_img.jpg */ = {isa = PBXFileReference; lastKnownFileType = image.jpeg; path = blank_img.jpg; sourceTree = "<group>"; };
		800CB5C61EA3475C00356366 /* main.png */ = {isa = PBXFileReference; lastKnownFileType = image.png; path = main.png; sourceTree = "<group>"; };
		800CB5C71EA3475C00356366 /* Slide_Bkgrd1.png */ = {isa = PBXFileReference; lastKnownFileType = image.png; path = Slide_Bkgrd1.png; sourceTree = "<group>"; };
		800CB5C81EA3475C00356366 /* video.png */ = {isa = PBXFileReference; lastKnownFileType = image.png; path = video.png; sourceTree = "<group>"; };
		800CB5C91EA3475C00356366 /* camera.png */ = {isa = PBXFileReference; lastKnownFileType = image.png; path = camera.png; sourceTree = "<group>"; };
		800CB5CF1EA347C400356366 /* gold.png */ = {isa = PBXFileReference; lastKnownFileType = image.png; path = gold.png; sourceTree = "<group>"; };
		80B9361B1EA689D2001636F3 /* UserRequestMapViewController.swift */ = {isa = PBXFileReference; fileEncoding = 4; lastKnownFileType = sourcecode.swift; name = UserRequestMapViewController.swift; path = SnapEye/UserRequestMapViewController.swift; sourceTree = "<group>"; };
		80B9361D1EA795D6001636F3 /* locate.png */ = {isa = PBXFileReference; lastKnownFileType = image.png; path = locate.png; sourceTree = "<group>"; };
		80B9361F1EA79707001636F3 /* EyerRequest.swift */ = {isa = PBXFileReference; fileEncoding = 4; lastKnownFileType = sourcecode.swift; path = EyerRequest.swift; sourceTree = "<group>"; };
		80BEDE341EA3DFE900C0C5D1 /* MapKit.framework */ = {isa = PBXFileReference; lastKnownFileType = wrapper.framework; name = MapKit.framework; path = System/Library/Frameworks/MapKit.framework; sourceTree = SDKROOT; };
		80BEDE361EA4F09500C0C5D1 /* prev.png */ = {isa = PBXFileReference; lastKnownFileType = image.png; path = prev.png; sourceTree = "<group>"; };
		80BEDE381EA64C4E00C0C5D1 /* add.png */ = {isa = PBXFileReference; lastKnownFileType = image.png; path = add.png; sourceTree = "<group>"; };
		A543B9761EB0C52000713EAA /* Alamofire.framework */ = {isa = PBXFileReference; explicitFileType = wrapper.framework; path = Alamofire.framework; sourceTree = BUILT_PRODUCTS_DIR; };
		A543B9791EB0C52000713EAA /* Cloudinary.framework */ = {isa = PBXFileReference; explicitFileType = wrapper.framework; path = Cloudinary.framework; sourceTree = BUILT_PRODUCTS_DIR; };
		A5B52B971EB0D389004C1696 /* camera-icon.png */ = {isa = PBXFileReference; lastKnownFileType = image.png; path = "camera-icon.png"; sourceTree = "<group>"; };
/* End PBXFileReference section */

/* Begin PBXFrameworksBuildPhase section */
		800CB58F1EA25E2D00356366 /* Frameworks */ = {
			isa = PBXFrameworksBuildPhase;
			buildActionMask = 2147483647;
			files = (
				35B532EB1EA358B90070EB8C /* MobileCoreServices.framework in Frameworks */,
				80BEDE351EA3DFE900C0C5D1 /* MapKit.framework in Frameworks */,
				A543B97C1EB0C52000713EAA /* Pods_SnapEye.framework in Frameworks */,
				35B532E91EA3589A0070EB8C /* AssetsLibrary.framework in Frameworks */,
			);
			runOnlyForDeploymentPostprocessing = 0;
		};
/* End PBXFrameworksBuildPhase section */

/* Begin PBXGroup section */
		35B532E71EA3589A0070EB8C /* Frameworks */ = {
			isa = PBXGroup;
			children = (
				80BEDE341EA3DFE900C0C5D1 /* MapKit.framework */,
				35B532EA1EA358B90070EB8C /* MobileCoreServices.framework */,
				35B532E81EA3589A0070EB8C /* AssetsLibrary.framework */,
				3F625CC8AFF545A92B9FF36A /* Pods_SnapEye.framework */,
			);
			name = Frameworks;
			sourceTree = "<group>";
		};
		800CB5891EA25E2D00356366 = {
			isa = PBXGroup;
			children = (
				A543B9791EB0C52000713EAA /* Cloudinary.framework */,
				A543B9761EB0C52000713EAA /* Alamofire.framework */,
				80B9361B1EA689D2001636F3 /* UserRequestMapViewController.swift */,
				800CB5A71EA2612C00356366 /* Images */,
				800CB5941EA25E2D00356366 /* SnapEye */,
				800CB5931EA25E2D00356366 /* Products */,
				35B532E71EA3589A0070EB8C /* Frameworks */,
				93EA12168388E85EB52CFF4F /* Pods */,
			);
			sourceTree = "<group>";
		};
		800CB5931EA25E2D00356366 /* Products */ = {
			isa = PBXGroup;
			children = (
				800CB5921EA25E2D00356366 /* SnapEye.app */,
			);
			name = Products;
			sourceTree = "<group>";
		};
		800CB5941EA25E2D00356366 /* SnapEye */ = {
			isa = PBXGroup;
			children = (
				800CB5951EA25E2D00356366 /* AppDelegate.swift */,
				800CB5971EA25E2D00356366 /* ViewController.swift */,
				35B532F21EA5357E0070EB8C /* ViewController2.swift */,
				800CB5991EA25E2D00356366 /* Main.storyboard */,
				80B9361F1EA79707001636F3 /* EyerRequest.swift */,
				800CB59C1EA25E2D00356366 /* Assets.xcassets */,
				800CB59E1EA25E2D00356366 /* LaunchScreen.storyboard */,
				800CB5A11EA25E2D00356366 /* Info.plist */,
			);
			path = SnapEye;
			sourceTree = "<group>";
		};
		800CB5A71EA2612C00356366 /* Images */ = {
			isa = PBXGroup;
			children = (
				800CB5C51EA3475C00356366 /* blank_img.jpg */,
				800CB5C61EA3475C00356366 /* main.png */,
				800CB5C71EA3475C00356366 /* Slide_Bkgrd1.png */,
				800CB5C81EA3475C00356366 /* video.png */,
				800CB5C91EA3475C00356366 /* camera.png */,
				80BEDE361EA4F09500C0C5D1 /* prev.png */,
				80BEDE381EA64C4E00C0C5D1 /* add.png */,
				800CB5CF1EA347C400356366 /* gold.png */,
				A5B52B971EB0D389004C1696 /* camera-icon.png */,
				80B9361D1EA795D6001636F3 /* locate.png */,
			);
			name = Images;
			sourceTree = "<group>";
		};
		93EA12168388E85EB52CFF4F /* Pods */ = {
			isa = PBXGroup;
			children = (
				62D4D52E6769DE84C0262360 /* Pods-SnapEye.debug.xcconfig */,
				1768448EEE4763B42438E6F6 /* Pods-SnapEye.release.xcconfig */,
			);
			name = Pods;
			sourceTree = "<group>";
		};
/* End PBXGroup section */

/* Begin PBXNativeTarget section */
		800CB5911EA25E2D00356366 /* SnapEye */ = {
			isa = PBXNativeTarget;
			buildConfigurationList = 800CB5A41EA25E2D00356366 /* Build configuration list for PBXNativeTarget "SnapEye" */;
			buildPhases = (
				C46F09099EB1438298F02F06 /* [CP] Check Pods Manifest.lock */,
				800CB58E1EA25E2D00356366 /* Sources */,
				800CB58F1EA25E2D00356366 /* Frameworks */,
				800CB5901EA25E2D00356366 /* Resources */,
				E97E638B78200D0446443F26 /* [CP] Embed Pods Frameworks */,
				4F5936F37D33986F7D62CF27 /* [CP] Copy Pods Resources */,
			);
			buildRules = (
			);
			dependencies = (
			);
			name = SnapEye;
			productName = SnapEye;
			productReference = 800CB5921EA25E2D00356366 /* SnapEye.app */;
			productType = "com.apple.product-type.application";
		};
/* End PBXNativeTarget section */

/* Begin PBXProject section */
		800CB58A1EA25E2D00356366 /* Project object */ = {
			isa = PBXProject;
			attributes = {
				KnownAssetTags = (
					1,
					2,
				);
				LastSwiftUpdateCheck = 0830;
				LastUpgradeCheck = 0830;
				ORGANIZATIONNAME = whmou;
				TargetAttributes = {
					800CB5911EA25E2D00356366 = {
						CreatedOnToolsVersion = 8.3.1;
						DevelopmentTeam = JX4TVTYKV5;
						ProvisioningStyle = Automatic;
						SystemCapabilities = {
							com.apple.BackgroundModes = {
								enabled = 1;
							};
							com.apple.Maps.iOS = {
								enabled = 1;
							};
						};
					};
				};
			};
			buildConfigurationList = 800CB58D1EA25E2D00356366 /* Build configuration list for PBXProject "SnapEye" */;
			compatibilityVersion = "Xcode 3.2";
			developmentRegion = English;
			hasScannedForEncodings = 0;
			knownRegions = (
				en,
				Base,
			);
			mainGroup = 800CB5891EA25E2D00356366;
			productRefGroup = 800CB5931EA25E2D00356366 /* Products */;
			projectDirPath = "";
			projectRoot = "";
			targets = (
				800CB5911EA25E2D00356366 /* SnapEye */,
			);
		};
/* End PBXProject section */

/* Begin PBXResourcesBuildPhase section */
		800CB5901EA25E2D00356366 /* Resources */ = {
			isa = PBXResourcesBuildPhase;
			buildActionMask = 2147483647;
			files = (
				800CB5CC1EA3475C00356366 /* Slide_Bkgrd1.png in Resources */,
				A5B52B981EB0D389004C1696 /* camera-icon.png in Resources */,
				800CB5CA1EA3475C00356366 /* blank_img.jpg in Resources */,
				800CB5D01EA347C400356366 /* gold.png in Resources */,
				80BEDE391EA64C4E00C0C5D1 /* add.png in Resources */,
				800CB5CB1EA3475C00356366 /* main.png in Resources */,
				80B9361E1EA795D7001636F3 /* locate.png in Resources */,
				800CB5A01EA25E2D00356366 /* LaunchScreen.storyboard in Resources */,
				800CB59D1EA25E2D00356366 /* Assets.xcassets in Resources */,
				80BEDE371EA4F09500C0C5D1 /* prev.png in Resources */,
				800CB5CD1EA3475C00356366 /* video.png in Resources */,
				800CB5CE1EA3475C00356366 /* camera.png in Resources */,
				800CB59B1EA25E2D00356366 /* Main.storyboard in Resources */,
			);
			runOnlyForDeploymentPostprocessing = 0;
		};
/* End PBXResourcesBuildPhase section */

/* Begin PBXShellScriptBuildPhase section */
		4F5936F37D33986F7D62CF27 /* [CP] Copy Pods Resources */ = {
			isa = PBXShellScriptBuildPhase;
			buildActionMask = 2147483647;
			files = (
			);
			inputPaths = (
			);
			name = "[CP] Copy Pods Resources";
			outputPaths = (
			);
			runOnlyForDeploymentPostprocessing = 0;
			shellPath = /bin/sh;
			shellScript = "\"${SRCROOT}/Pods/Target Support Files/Pods-SnapEye/Pods-SnapEye-resources.sh\"\n";
			showEnvVarsInLog = 0;
		};
		C46F09099EB1438298F02F06 /* [CP] Check Pods Manifest.lock */ = {
			isa = PBXShellScriptBuildPhase;
			buildActionMask = 2147483647;
			files = (
			);
			inputPaths = (
			);
			name = "[CP] Check Pods Manifest.lock";
			outputPaths = (
			);
			runOnlyForDeploymentPostprocessing = 0;
			shellPath = /bin/sh;
			shellScript = "diff \"${PODS_PODFILE_DIR_PATH}/Podfile.lock\" \"${PODS_ROOT}/Manifest.lock\" > /dev/null\nif [ $? != 0 ] ; then\n    # print error to STDERR\n    echo \"error: The sandbox is not in sync with the Podfile.lock. Run 'pod install' or update your CocoaPods installation.\" >&2\n    exit 1\nfi\n";
			showEnvVarsInLog = 0;
		};
		E97E638B78200D0446443F26 /* [CP] Embed Pods Frameworks */ = {
			isa = PBXShellScriptBuildPhase;
			buildActionMask = 2147483647;
			files = (
			);
			inputPaths = (
			);
			name = "[CP] Embed Pods Frameworks";
			outputPaths = (
			);
			runOnlyForDeploymentPostprocessing = 0;
			shellPath = /bin/sh;
			shellScript = "\"${SRCROOT}/Pods/Target Support Files/Pods-SnapEye/Pods-SnapEye-frameworks.sh\"\n";
			showEnvVarsInLog = 0;
		};
/* End PBXShellScriptBuildPhase section */

/* Begin PBXSourcesBuildPhase section */
		800CB58E1EA25E2D00356366 /* Sources */ = {
			isa = PBXSourcesBuildPhase;
			buildActionMask = 2147483647;
			files = (
				800CB5981EA25E2D00356366 /* ViewController.swift in Sources */,
				800CB5961EA25E2D00356366 /* AppDelegate.swift in Sources */,
				80B9361C1EA689D2001636F3 /* UserRequestMapViewController.swift in Sources */,
				80B936201EA79707001636F3 /* EyerRequest.swift in Sources */,
				35B532F31EA5357E0070EB8C /* ViewController2.swift in Sources */,
			);
			runOnlyForDeploymentPostprocessing = 0;
		};
/* End PBXSourcesBuildPhase section */

/* Begin PBXVariantGroup section */
		800CB5991EA25E2D00356366 /* Main.storyboard */ = {
			isa = PBXVariantGroup;
			children = (
				800CB59A1EA25E2D00356366 /* Base */,
			);
			name = Main.storyboard;
			sourceTree = "<group>";
		};
		800CB59E1EA25E2D00356366 /* LaunchScreen.storyboard */ = {
			isa = PBXVariantGroup;
			children = (
				800CB59F1EA25E2D00356366 /* Base */,
			);
			name = LaunchScreen.storyboard;
			sourceTree = "<group>";
		};
/* End PBXVariantGroup section */

/* Begin XCBuildConfiguration section */
		800CB5A21EA25E2D00356366 /* Debug */ = {
			isa = XCBuildConfiguration;
			buildSettings = {
				ALWAYS_SEARCH_USER_PATHS = NO;
				CLANG_ANALYZER_NONNULL = YES;
				CLANG_ANALYZER_NUMBER_OBJECT_CONVERSION = YES_AGGRESSIVE;
				CLANG_CXX_LANGUAGE_STANDARD = "gnu++0x";
				CLANG_CXX_LIBRARY = "libc++";
				CLANG_ENABLE_MODULES = YES;
				CLANG_ENABLE_OBJC_ARC = YES;
				CLANG_WARN_BOOL_CONVERSION = YES;
				CLANG_WARN_CONSTANT_CONVERSION = YES;
				CLANG_WARN_DIRECT_OBJC_ISA_USAGE = YES_ERROR;
				CLANG_WARN_DOCUMENTATION_COMMENTS = YES;
				CLANG_WARN_EMPTY_BODY = YES;
				CLANG_WARN_ENUM_CONVERSION = YES;
				CLANG_WARN_INFINITE_RECURSION = YES;
				CLANG_WARN_INT_CONVERSION = YES;
				CLANG_WARN_OBJC_ROOT_CLASS = YES_ERROR;
				CLANG_WARN_SUSPICIOUS_MOVE = YES;
				CLANG_WARN_UNREACHABLE_CODE = YES;
				CLANG_WARN__DUPLICATE_METHOD_MATCH = YES;
				"CODE_SIGN_IDENTITY[sdk=iphoneos*]" = "iPhone Developer";
				COPY_PHASE_STRIP = NO;
				DEBUG_INFORMATION_FORMAT = dwarf;
				ENABLE_STRICT_OBJC_MSGSEND = YES;
				ENABLE_TESTABILITY = YES;
				GCC_C_LANGUAGE_STANDARD = gnu99;
				GCC_DYNAMIC_NO_PIC = NO;
				GCC_NO_COMMON_BLOCKS = YES;
				GCC_OPTIMIZATION_LEVEL = 0;
				GCC_PREPROCESSOR_DEFINITIONS = (
					"DEBUG=1",
					"$(inherited)",
				);
				GCC_WARN_64_TO_32_BIT_CONVERSION = YES;
				GCC_WARN_ABOUT_RETURN_TYPE = YES_ERROR;
				GCC_WARN_UNDECLARED_SELECTOR = YES;
				GCC_WARN_UNINITIALIZED_AUTOS = YES_AGGRESSIVE;
				GCC_WARN_UNUSED_FUNCTION = YES;
				GCC_WARN_UNUSED_VARIABLE = YES;
				IPHONEOS_DEPLOYMENT_TARGET = 10.3;
				MTL_ENABLE_DEBUG_INFO = YES;
				ONLY_ACTIVE_ARCH = YES;
				SDKROOT = iphoneos;
				SWIFT_ACTIVE_COMPILATION_CONDITIONS = DEBUG;
				SWIFT_OPTIMIZATION_LEVEL = "-Onone";
			};
			name = Debug;
		};
		800CB5A31EA25E2D00356366 /* Release */ = {
			isa = XCBuildConfiguration;
			buildSettings = {
				ALWAYS_SEARCH_USER_PATHS = NO;
				CLANG_ANALYZER_NONNULL = YES;
				CLANG_ANALYZER_NUMBER_OBJECT_CONVERSION = YES_AGGRESSIVE;
				CLANG_CXX_LANGUAGE_STANDARD = "gnu++0x";
				CLANG_CXX_LIBRARY = "libc++";
				CLANG_ENABLE_MODULES = YES;
				CLANG_ENABLE_OBJC_ARC = YES;
				CLANG_WARN_BOOL_CONVERSION = YES;
				CLANG_WARN_CONSTANT_CONVERSION = YES;
				CLANG_WARN_DIRECT_OBJC_ISA_USAGE = YES_ERROR;
				CLANG_WARN_DOCUMENTATION_COMMENTS = YES;
				CLANG_WARN_EMPTY_BODY = YES;
				CLANG_WARN_ENUM_CONVERSION = YES;
				CLANG_WARN_INFINITE_RECURSION = YES;
				CLANG_WARN_INT_CONVERSION = YES;
				CLANG_WARN_OBJC_ROOT_CLASS = YES_ERROR;
				CLANG_WARN_SUSPICIOUS_MOVE = YES;
				CLANG_WARN_UNREACHABLE_CODE = YES;
				CLANG_WARN__DUPLICATE_METHOD_MATCH = YES;
				"CODE_SIGN_IDENTITY[sdk=iphoneos*]" = "iPhone Developer";
				COPY_PHASE_STRIP = NO;
				DEBUG_INFORMATION_FORMAT = "dwarf-with-dsym";
				ENABLE_NS_ASSERTIONS = NO;
				ENABLE_STRICT_OBJC_MSGSEND = YES;
				GCC_C_LANGUAGE_STANDARD = gnu99;
				GCC_NO_COMMON_BLOCKS = YES;
				GCC_WARN_64_TO_32_BIT_CONVERSION = YES;
				GCC_WARN_ABOUT_RETURN_TYPE = YES_ERROR;
				GCC_WARN_UNDECLARED_SELECTOR = YES;
				GCC_WARN_UNINITIALIZED_AUTOS = YES_AGGRESSIVE;
				GCC_WARN_UNUSED_FUNCTION = YES;
				GCC_WARN_UNUSED_VARIABLE = YES;
				IPHONEOS_DEPLOYMENT_TARGET = 10.3;
				MTL_ENABLE_DEBUG_INFO = NO;
				SDKROOT = iphoneos;
				SWIFT_OPTIMIZATION_LEVEL = "-Owholemodule";
				VALIDATE_PRODUCT = YES;
			};
			name = Release;
		};
		800CB5A51EA25E2D00356366 /* Debug */ = {
			isa = XCBuildConfiguration;
			baseConfigurationReference = 62D4D52E6769DE84C0262360 /* Pods-SnapEye.debug.xcconfig */;
			buildSettings = {
				ASSETCATALOG_COMPILER_APPICON_NAME = AppIcon;
				CLDapiKey = "";
				CLDuploadPreset = "";
				"CODE_SIGN_IDENTITY[sdk=iphoneos*]" = "iPhone Developer";
				DEVELOPMENT_TEAM = JX4TVTYKV5;
				INFOPLIST_FILE = SnapEye/Info.plist;
				LD_RUNPATH_SEARCH_PATHS = "$(inherited) @executable_path/Frameworks";
				PRODUCT_BUNDLE_IDENTIFIER = com.DirkEye.SnapEye;
				PRODUCT_NAME = "$(TARGET_NAME)";
				PROVISIONING_PROFILE_SPECIFIER = "";
				SWIFT_VERSION = 3.0;
				TARGETED_DEVICE_FAMILY = 1;
				cloudName = "";
			};
			name = Debug;
		};
		800CB5A61EA25E2D00356366 /* Release */ = {
			isa = XCBuildConfiguration;
			baseConfigurationReference = 1768448EEE4763B42438E6F6 /* Pods-SnapEye.release.xcconfig */;
			buildSettings = {
				ASSETCATALOG_COMPILER_APPICON_NAME = AppIcon;
				CLDapiKey = "";
				CLDuploadPreset = "";
				"CODE_SIGN_IDENTITY[sdk=iphoneos*]" = "iPhone Developer";
				DEVELOPMENT_TEAM = JX4TVTYKV5;
				INFOPLIST_FILE = SnapEye/Info.plist;
				LD_RUNPATH_SEARCH_PATHS = "$(inherited) @executable_path/Frameworks";
				PRODUCT_BUNDLE_IDENTIFIER = com.DirkEye.SnapEye;
				PRODUCT_NAME = "$(TARGET_NAME)";
				PROVISIONING_PROFILE_SPECIFIER = "";
				SWIFT_VERSION = 3.0;
				TARGETED_DEVICE_FAMILY = 1;
				cloudName = "";
			};
			name = Release;
		};
/* End XCBuildConfiguration section */

/* Begin XCConfigurationList section */
		800CB58D1EA25E2D00356366 /* Build configuration list for PBXProject "SnapEye" */ = {
			isa = XCConfigurationList;
			buildConfigurations = (
				800CB5A21EA25E2D00356366 /* Debug */,
				800CB5A31EA25E2D00356366 /* Release */,
			);
			defaultConfigurationIsVisible = 0;
			defaultConfigurationName = Release;
		};
		800CB5A41EA25E2D00356366 /* Build configuration list for PBXNativeTarget "SnapEye" */ = {
			isa = XCConfigurationList;
			buildConfigurations = (
				800CB5A51EA25E2D00356366 /* Debug */,
				800CB5A61EA25E2D00356366 /* Release */,
			);
			defaultConfigurationIsVisible = 0;
			defaultConfigurationName = Release;
		};
/* End XCConfigurationList section */
	};
	rootObject = 800CB58A1EA25E2D00356366 /* Project object */;
}
